
Microsoft Visual Studio Solution File, Format Version 12.00
# Visual Studio Version 16
VisualStudioVersion = 16.0.29920.165
MinimumVisualStudioVersion = 10.0.40219.1
Project("{FAE04EC0-301F-11D3-BF4B-00C04F79EFBC}") = "OpenGLDotNet", "OpenGLDotNet\OpenGLDotNet.csproj", "{DB86DCB2-9ACE-44D4-949C-AF43DDAFC36F}"
EndProject
Global
	GlobalSection(SolutionConfigurationPlatforms) = preSolution
		Debug|Any CPU = Debug|Any CPU
		Release|Any CPU = Release|Any CPU
	EndGlobalSection
	GlobalSection(ProjectConfigurationPlatforms) = postSolution
		{DB86DCB2-9ACE-44D4-949C-AF43DDAFC36F}.Debug|Any CPU.ActiveCfg = Debug|Any CPU
		{DB86DCB2-9ACE-44D4-949C-AF43DDAFC36F}.Debug|Any CPU.Build.0 = Debug|Any CPU
		{DB86DCB2-9ACE-44D4-949C-AF43DDAFC36F}.Release|Any CPU.ActiveCfg = Release|Any CPU
		{DB86DCB2-9ACE-44D4-949C-AF43DDAFC36F}.Release|Any CPU.Build.0 = Release|Any CPU
	EndGlobalSection
	GlobalSection(SolutionProperties) = preSolution
		HideSolutionNode = FALSE
	EndGlobalSection
	GlobalSection(ExtensibilityGlobals) = postSolution
		SolutionGuid = {85B8A00B-F635-44A0-89CC-288A86A7CD43}
	EndGlobalSection
EndGlobal
